<?xml version="1.0" encoding="utf-8"?>
<Project ToolsVersion="4.0" xmlns="http://schemas.microsoft.com/developer/msbuild/2003">
  <ItemGroup>
    <Filter Include="ソース ファイル">
      <UniqueIdentifier>{4FC737F1-C7A5-4376-A066-2A32D752A2FF}</UniqueIdentifier>
      <Extensions>cpp;c;cc;cxx;def;odl;idl;hpj;bat;asm;asmx</Extensions>
    </Filter>
    <Filter Include="ヘッダー ファイル">
      <UniqueIdentifier>{93995380-89BD-4b04-88EB-625FBE52EBFB}</UniqueIdentifier>
      <Extensions>h;hh;hpp;hxx;hm;inl;inc;ipp;xsd</Extensions>
    </Filter>
    <Filter Include="リソース ファイル">
      <UniqueIdentifier>{67DA6AB6-F800-4c08-8B7A-83BB121AAD01}</UniqueIdentifier>
      <Extensions>rc;ico;cur;bmp;dlg;rc2;rct;bin;rgs;gif;jpg;jpeg;jpe;resx;tiff;tif;png;wav;mfcribbon-ms</Extensions>
    </Filter>
    <Filter Include="ソース ファイル\Resource">
      <UniqueIdentifier>{f40c53ae-8269-4a32-940f-451f465219ad}</UniqueIdentifier>
    </Filter>
    <Filter Include="ソース ファイル\Game">
      <UniqueIdentifier>{6dfef1fa-8efe-486c-91d6-ac729872531f}</UniqueIdentifier>
    </Filter>
    <Filter Include="ソース ファイル\Game\Stage">
      <UniqueIdentifier>{b751fb12-0e77-4033-8f81-56e02a252865}</UniqueIdentifier>
    </Filter>
    <Filter Include="ソース ファイル\Manager">
      <UniqueIdentifier>{46e63417-5af8-4e72-b871-493d369bc2cd}</UniqueIdentifier>
    </Filter>
    <Filter Include="ソース ファイル\Game\Source">
      <UniqueIdentifier>{14547740-f32e-48fe-b490-f31ead595915}</UniqueIdentifier>
    </Filter>
    <Filter Include="ソース ファイル\Game\Scene">
      <UniqueIdentifier>{2fb6a8c3-161b-48d1-9f63-bfd070128ef3}</UniqueIdentifier>
    </Filter>
  </ItemGroup>
  <ItemGroup>
    <ClCompile Include="main.cpp">
      <Filter>ソース ファイル</Filter>
    </ClCompile>
    <ClCompile Include="MainManager.cpp">
      <Filter>ソース ファイル</Filter>
    </ClCompile>
    <ClCompile Include="Game\Source\Bullet.cpp">
      <Filter>ソース ファイル\Game\Source</Filter>
    </ClCompile>
    <ClCompile Include="Game\Source\Monster.cpp">
      <Filter>ソース ファイル\Game\Source</Filter>
    </ClCompile>
    <ClCompile Include="Game\Source\Player.cpp">
      <Filter>ソース ファイル\Game\Source</Filter>
    </ClCompile>
    <ClCompile Include="Game\Scene\BaseSceneController.cpp">
      <Filter>ソース ファイル\Game\Scene</Filter>
    </ClCompile>
    <ClCompile Include="Game\Scene\Option.cpp">
      <Filter>ソース ファイル\Game\Scene</Filter>
    </ClCompile>
    <ClCompile Include="Game\Scene\Result.cpp">
      <Filter>ソース ファイル\Game\Scene</Filter>
    </ClCompile>
    <ClCompile Include="Game\Scene\StageManager.cpp">
      <Filter>ソース ファイル\Game\Scene</Filter>
    </ClCompile>
    <ClCompile Include="Game\Scene\Title.cpp">
      <Filter>ソース ファイル\Game\Scene</Filter>
    </ClCompile>
    <ClCompile Include="Manager\BaseObject.cpp">
      <Filter>ソース ファイル\Manager</Filter>
    </ClCompile>
    <ClCompile Include="Manager\GameData.cpp">
      <Filter>ソース ファイル\Manager</Filter>
    </ClCompile>
    <ClCompile Include="Manager\InputKey.cpp">
      <Filter>ソース ファイル\Manager</Filter>
    </ClCompile>
    <ClCompile Include="Manager\BulletManager.cpp">
      <Filter>ソース ファイル\Manager</Filter>
    </ClCompile>
    <ClCompile Include="Manager\MonsterManager.cpp">
      <Filter>ソース ファイル\Manager</Filter>
    </ClCompile>
    <ClCompile Include="Game\Source\BulletHell.cpp">
      <Filter>ソース ファイル\Game\Source</Filter>
    </ClCompile>
    <ClCompile Include="Game\Stage\Stage.cpp">
      <Filter>ソース ファイル\Game\Stage</Filter>
    </ClCompile>
    <ClCompile Include="Game\Source\BossMonster.cpp">
      <Filter>ソース ファイル\Game\Source</Filter>
    </ClCompile>
    <ClCompile Include="Manager\PlayerManager.cpp">
      <Filter>ソース ファイル\Manager</Filter>
    </ClCompile>
  </ItemGroup>
  <ItemGroup>
    <ClInclude Include="MainManager.h">
      <Filter>ソース ファイル</Filter>
    </ClInclude>
    <ClInclude Include="Game\Source\Bullet.h">
      <Filter>ソース ファイル\Game\Source</Filter>
    </ClInclude>
    <ClInclude Include="Game\Source\Monster.h">
      <Filter>ソース ファイル\Game\Source</Filter>
    </ClInclude>
    <ClInclude Include="Game\Source\Player.h">
      <Filter>ソース ファイル\Game\Source</Filter>
    </ClInclude>
    <ClInclude Include="Game\Scene\BaseSceneController.h">
      <Filter>ソース ファイル\Game\Scene</Filter>
    </ClInclude>
    <ClInclude Include="Game\Scene\Exit.h">
      <Filter>ソース ファイル\Game\Scene</Filter>
    </ClInclude>
    <ClInclude Include="Game\Scene\Option.h">
      <Filter>ソース ファイル\Game\Scene</Filter>
    </ClInclude>
    <ClInclude Include="Game\Scene\Result.h">
      <Filter>ソース ファイル\Game\Scene</Filter>
    </ClInclude>
    <ClInclude Include="Game\Scene\SceneStateh.h">
      <Filter>ソース ファイル\Game\Scene</Filter>
    </ClInclude>
    <ClInclude Include="Game\Scene\StageManager.h">
      <Filter>ソース ファイル\Game\Scene</Filter>
    </ClInclude>
    <ClInclude Include="Game\Scene\Title.h">
      <Filter>ソース ファイル\Game\Scene</Filter>
    </ClInclude>
    <ClInclude Include="Manager\BaseObject.h">
      <Filter>ソース ファイル\Manager</Filter>
    </ClInclude>
    <ClInclude Include="Manager\GameData.h">
      <Filter>ソース ファイル\Manager</Filter>
    </ClInclude>
    <ClInclude Include="Manager\InputKey.h">
      <Filter>ソース ファイル\Manager</Filter>
    </ClInclude>
    <ClInclude Include="Manager\Singleton.h">
      <Filter>ソース ファイル\Manager</Filter>
    </ClInclude>
    <ClInclude Include="Manager\BulletManager.h">
      <Filter>ソース ファイル\Manager</Filter>
    </ClInclude>
    <ClInclude Include="Manager\MonsterManager.h">
      <Filter>ソース ファイル\Manager</Filter>
    </ClInclude>
    <ClInclude Include="Game\Source\BulletHell.h">
      <Filter>ソース ファイル\Game\Source</Filter>
    </ClInclude>
    <ClInclude Include="Game\Stage\Stage.h">
      <Filter>ソース ファイル\Game\Stage</Filter>
    </ClInclude>
    <ClInclude Include="Game\Source\BossMonster.h">
      <Filter>ソース ファイル\Game\Source</Filter>
    </ClInclude>
    <ClInclude Include="Manager\PlayerManager.h">
      <Filter>ソース ファイル\Manager</Filter>
    </ClInclude>
  </ItemGroup>
  <ItemGroup>
    <Image Include="Resource\Bullet_0001.png">
      <Filter>ソース ファイル\Resource</Filter>
    </Image>
    <Image Include="Resource\Bullet_0003.png">
      <Filter>ソース ファイル\Resource</Filter>
    </Image>
    <Image Include="Resource\Bullet_0005.png">
      <Filter>ソース ファイル\Resource</Filter>
    </Image>
    <Image Include="Resource\Monster_0001.png">
      <Filter>ソース ファイル\Resource</Filter>
    </Image>
    <Image Include="Resource\Moriya.png">
      <Filter>ソース ファイル\Resource</Filter>
    </Image>
    <Image Include="Resource\Player.png">
      <Filter>ソース ファイル\Resource</Filter>
    </Image>
    <Image Include="Resource\LastBoss.jpg">
      <Filter>ソース ファイル\Resource</Filter>
    </Image>
    <Image Include="Resource\MiddleBoss.PNG">
      <Filter>ソース ファイル\Resource</Filter>
    </Image>
  </ItemGroup>
</Project>